
Microsoft Visual Studio Solution File, Format Version 12.00
# Visual Studio Version 17
VisualStudioVersion = 17.1.32228.430
MinimumVisualStudioVersion = 10.0.40219.1
Project("{FAE04EC0-301F-11D3-BF4B-00C04F79EFBC}") = "TruckTour", "TruckTour.csproj", "{D2B74719-AB49-4808-A8C3-2F2A3135E873}"
EndProject
Project("{FAE04EC0-301F-11D3-BF4B-00C04F79EFBC}") = "BalancedParentheses", "..\BalancedParentheses\BalancedParentheses.csproj", "{F70FD3A6-3620-4C1C-8146-65EE26D38259}"
EndProject
Project("{FAE04EC0-301F-11D3-BF4B-00C04F79EFBC}") = "SimpleTextEdiitor", "..\SimpleTextEdiitor\SimpleTextEdiitor.csproj", "{0CA1F78F-A4B8-4464-9BC0-576534C60810}"
EndProject
Global
	GlobalSection(SolutionConfigurationPlatforms) = preSolution
		Debug|Any CPU = Debug|Any CPU
		Release|Any CPU = Release|Any CPU
	EndGlobalSection
	GlobalSection(ProjectConfigurationPlatforms) = postSolution
		{D2B74719-AB49-4808-A8C3-2F2A3135E873}.Debug|Any CPU.ActiveCfg = Debug|Any CPU
		{D2B74719-AB49-4808-A8C3-2F2A3135E873}.Debug|Any CPU.Build.0 = Debug|Any CPU
		{D2B74719-AB49-4808-A8C3-2F2A3135E873}.Release|Any CPU.ActiveCfg = Release|Any CPU
		{D2B74719-AB49-4808-A8C3-2F2A3135E873}.Release|Any CPU.Build.0 = Release|Any CPU
		{F70FD3A6-3620-4C1C-8146-65EE26D38259}.Debug|Any CPU.ActiveCfg = Debug|Any CPU
		{F70FD3A6-3620-4C1C-8146-65EE26D38259}.Debug|Any CPU.Build.0 = Debug|Any CPU
		{F70FD3A6-3620-4C1C-8146-65EE26D38259}.Release|Any CPU.ActiveCfg = Release|Any CPU
		{F70FD3A6-3620-4C1C-8146-65EE26D38259}.Release|Any CPU.Build.0 = Release|Any CPU
		{0CA1F78F-A4B8-4464-9BC0-576534C60810}.Debug|Any CPU.ActiveCfg = Debug|Any CPU
		{0CA1F78F-A4B8-4464-9BC0-576534C60810}.Debug|Any CPU.Build.0 = Debug|Any CPU
		{0CA1F78F-A4B8-4464-9BC0-576534C60810}.Release|Any CPU.ActiveCfg = Release|Any CPU
		{0CA1F78F-A4B8-4464-9BC0-576534C60810}.Release|Any CPU.Build.0 = Release|Any CPU
	EndGlobalSection
	GlobalSection(SolutionProperties) = preSolution
		HideSolutionNode = FALSE
	EndGlobalSection
	GlobalSection(ExtensibilityGlobals) = postSolution
		SolutionGuid = {4800C25D-A0E0-4669-9A6D-2E140DF7F8B1}
	EndGlobalSection
EndGlobal
