
Microsoft Visual Studio Solution File, Format Version 12.00
# Visual Studio Version 17
VisualStudioVersion = 17.1.32228.430
MinimumVisualStudioVersion = 10.0.40219.1
Project("{FAE04EC0-301F-11D3-BF4B-00C04F79EFBC}") = "BoxOfT", "BoxOfT.csproj", "{D0D7EA82-CDA1-4B00-A415-0185856AF49A}"
EndProject
Project("{FAE04EC0-301F-11D3-BF4B-00C04F79EFBC}") = "GenericArrayCreator", "..\GenericArrayCreator\GenericArrayCreator.csproj", "{0EF244C4-227F-4881-8DB2-A5BFB3C1631B}"
EndProject
Project("{FAE04EC0-301F-11D3-BF4B-00C04F79EFBC}") = "GenericScale", "..\GenericScale\GenericScale.csproj", "{BD2BDA01-6D78-4BCB-A94C-317F53019607}"
EndProject
Project("{FAE04EC0-301F-11D3-BF4B-00C04F79EFBC}") = "GenericBoxOfString", "..\GenericBoxOfString\GenericBoxOfString.csproj", "{7388404B-C12C-437B-958A-F647A60FD916}"
EndProject
Project("{FAE04EC0-301F-11D3-BF4B-00C04F79EFBC}") = "GenericSwapMethodStrings", "..\GenericSwapMethodStrings\GenericSwapMethodStrings.csproj", "{B88F42C8-DDA4-4BAB-B217-011678D658C5}"
EndProject
Project("{FAE04EC0-301F-11D3-BF4B-00C04F79EFBC}") = "GenericCountMethodStrings", "..\GenericCountMethodStrings\GenericCountMethodStrings.csproj", "{7700721B-2811-4430-94FA-95C73AFBF9D3}"
EndProject
Project("{FAE04EC0-301F-11D3-BF4B-00C04F79EFBC}") = "Tuple", "..\Tuple\Tuple.csproj", "{6E4E7BE6-1806-4B11-8556-57AD6BEEFAA9}"
EndProject
Project("{FAE04EC0-301F-11D3-BF4B-00C04F79EFBC}") = "Threeuple", "..\Threeuple\Threeuple.csproj", "{EECB7901-E835-4AEF-9889-5A36C4A628A2}"
EndProject
Global
	GlobalSection(SolutionConfigurationPlatforms) = preSolution
		Debug|Any CPU = Debug|Any CPU
		Release|Any CPU = Release|Any CPU
	EndGlobalSection
	GlobalSection(ProjectConfigurationPlatforms) = postSolution
		{D0D7EA82-CDA1-4B00-A415-0185856AF49A}.Debug|Any CPU.ActiveCfg = Debug|Any CPU
		{D0D7EA82-CDA1-4B00-A415-0185856AF49A}.Debug|Any CPU.Build.0 = Debug|Any CPU
		{D0D7EA82-CDA1-4B00-A415-0185856AF49A}.Release|Any CPU.ActiveCfg = Release|Any CPU
		{D0D7EA82-CDA1-4B00-A415-0185856AF49A}.Release|Any CPU.Build.0 = Release|Any CPU
		{0EF244C4-227F-4881-8DB2-A5BFB3C1631B}.Debug|Any CPU.ActiveCfg = Debug|Any CPU
		{0EF244C4-227F-4881-8DB2-A5BFB3C1631B}.Debug|Any CPU.Build.0 = Debug|Any CPU
		{0EF244C4-227F-4881-8DB2-A5BFB3C1631B}.Release|Any CPU.ActiveCfg = Release|Any CPU
		{0EF244C4-227F-4881-8DB2-A5BFB3C1631B}.Release|Any CPU.Build.0 = Release|Any CPU
		{BD2BDA01-6D78-4BCB-A94C-317F53019607}.Debug|Any CPU.ActiveCfg = Debug|Any CPU
		{BD2BDA01-6D78-4BCB-A94C-317F53019607}.Debug|Any CPU.Build.0 = Debug|Any CPU
		{BD2BDA01-6D78-4BCB-A94C-317F53019607}.Release|Any CPU.ActiveCfg = Release|Any CPU
		{BD2BDA01-6D78-4BCB-A94C-317F53019607}.Release|Any CPU.Build.0 = Release|Any CPU
		{7388404B-C12C-437B-958A-F647A60FD916}.Debug|Any CPU.ActiveCfg = Debug|Any CPU
		{7388404B-C12C-437B-958A-F647A60FD916}.Debug|Any CPU.Build.0 = Debug|Any CPU
		{7388404B-C12C-437B-958A-F647A60FD916}.Release|Any CPU.ActiveCfg = Release|Any CPU
		{7388404B-C12C-437B-958A-F647A60FD916}.Release|Any CPU.Build.0 = Release|Any CPU
		{B88F42C8-DDA4-4BAB-B217-011678D658C5}.Debug|Any CPU.ActiveCfg = Debug|Any CPU
		{B88F42C8-DDA4-4BAB-B217-011678D658C5}.Debug|Any CPU.Build.0 = Debug|Any CPU
		{B88F42C8-DDA4-4BAB-B217-011678D658C5}.Release|Any CPU.ActiveCfg = Release|Any CPU
		{B88F42C8-DDA4-4BAB-B217-011678D658C5}.Release|Any CPU.Build.0 = Release|Any CPU
		{7700721B-2811-4430-94FA-95C73AFBF9D3}.Debug|Any CPU.ActiveCfg = Debug|Any CPU
		{7700721B-2811-4430-94FA-95C73AFBF9D3}.Debug|Any CPU.Build.0 = Debug|Any CPU
		{7700721B-2811-4430-94FA-95C73AFBF9D3}.Release|Any CPU.ActiveCfg = Release|Any CPU
		{7700721B-2811-4430-94FA-95C73AFBF9D3}.Release|Any CPU.Build.0 = Release|Any CPU
		{6E4E7BE6-1806-4B11-8556-57AD6BEEFAA9}.Debug|Any CPU.ActiveCfg = Debug|Any CPU
		{6E4E7BE6-1806-4B11-8556-57AD6BEEFAA9}.Debug|Any CPU.Build.0 = Debug|Any CPU
		{6E4E7BE6-1806-4B11-8556-57AD6BEEFAA9}.Release|Any CPU.ActiveCfg = Release|Any CPU
		{6E4E7BE6-1806-4B11-8556-57AD6BEEFAA9}.Release|Any CPU.Build.0 = Release|Any CPU
		{EECB7901-E835-4AEF-9889-5A36C4A628A2}.Debug|Any CPU.ActiveCfg = Debug|Any CPU
		{EECB7901-E835-4AEF-9889-5A36C4A628A2}.Debug|Any CPU.Build.0 = Debug|Any CPU
		{EECB7901-E835-4AEF-9889-5A36C4A628A2}.Release|Any CPU.ActiveCfg = Release|Any CPU
		{EECB7901-E835-4AEF-9889-5A36C4A628A2}.Release|Any CPU.Build.0 = Release|Any CPU
	EndGlobalSection
	GlobalSection(SolutionProperties) = preSolution
		HideSolutionNode = FALSE
	EndGlobalSection
	GlobalSection(ExtensibilityGlobals) = postSolution
		SolutionGuid = {1E82C544-EDCC-4FD6-97BA-188C961A55BE}
	EndGlobalSection
EndGlobal
