
Microsoft Visual Studio Solution File, Format Version 12.00
# Visual Studio Version 17
VisualStudioVersion = 17.1.32228.430
MinimumVisualStudioVersion = 10.0.40219.1
Project("{FAE04EC0-301F-11D3-BF4B-00C04F79EFBC}") = "ExtractOddLines", "ExtractOddLines.csproj", "{7ACDF03A-E3E2-45AE-BF77-C47EF9C1D810}"
EndProject
Project("{FAE04EC0-301F-11D3-BF4B-00C04F79EFBC}") = "LineNumbers", "..\LineNumbers\LineNumbers.csproj", "{5970A328-E8AB-4022-AB23-E391A08CE1A8}"
EndProject
Global
	GlobalSection(SolutionConfigurationPlatforms) = preSolution
		Debug|Any CPU = Debug|Any CPU
		Release|Any CPU = Release|Any CPU
	EndGlobalSection
	GlobalSection(ProjectConfigurationPlatforms) = postSolution
		{7ACDF03A-E3E2-45AE-BF77-C47EF9C1D810}.Debug|Any CPU.ActiveCfg = Debug|Any CPU
		{7ACDF03A-E3E2-45AE-BF77-C47EF9C1D810}.Debug|Any CPU.Build.0 = Debug|Any CPU
		{7ACDF03A-E3E2-45AE-BF77-C47EF9C1D810}.Release|Any CPU.ActiveCfg = Release|Any CPU
		{7ACDF03A-E3E2-45AE-BF77-C47EF9C1D810}.Release|Any CPU.Build.0 = Release|Any CPU
		{5970A328-E8AB-4022-AB23-E391A08CE1A8}.Debug|Any CPU.ActiveCfg = Debug|Any CPU
		{5970A328-E8AB-4022-AB23-E391A08CE1A8}.Debug|Any CPU.Build.0 = Debug|Any CPU
		{5970A328-E8AB-4022-AB23-E391A08CE1A8}.Release|Any CPU.ActiveCfg = Release|Any CPU
		{5970A328-E8AB-4022-AB23-E391A08CE1A8}.Release|Any CPU.Build.0 = Release|Any CPU
	EndGlobalSection
	GlobalSection(SolutionProperties) = preSolution
		HideSolutionNode = FALSE
	EndGlobalSection
	GlobalSection(ExtensibilityGlobals) = postSolution
		SolutionGuid = {63420A00-505C-4E3F-8E14-5AC12B7A93F0}
	EndGlobalSection
EndGlobal
