
Microsoft Visual Studio Solution File, Format Version 12.00
# Visual Studio Version 16
VisualStudioVersion = 16.0.32228.343
MinimumVisualStudioVersion = 10.0.40219.1
Project("{FAE04EC0-301F-11D3-BF4B-00C04F79EFBC}") = "Reverse Strings", "Reverse Strings.csproj", "{AD87D475-18C2-480C-BE77-F432F29E13D4}"
EndProject
Global
	GlobalSection(SolutionConfigurationPlatforms) = preSolution
		Debug|Any CPU = Debug|Any CPU
		Release|Any CPU = Release|Any CPU
	EndGlobalSection
	GlobalSection(ProjectConfigurationPlatforms) = postSolution
		{AD87D475-18C2-480C-BE77-F432F29E13D4}.Debug|Any CPU.ActiveCfg = Debug|Any CPU
		{AD87D475-18C2-480C-BE77-F432F29E13D4}.Debug|Any CPU.Build.0 = Debug|Any CPU
		{AD87D475-18C2-480C-BE77-F432F29E13D4}.Release|Any CPU.ActiveCfg = Release|Any CPU
		{AD87D475-18C2-480C-BE77-F432F29E13D4}.Release|Any CPU.Build.0 = Release|Any CPU
	EndGlobalSection
	GlobalSection(SolutionProperties) = preSolution
		HideSolutionNode = FALSE
	EndGlobalSection
	GlobalSection(ExtensibilityGlobals) = postSolution
		SolutionGuid = {5A8282FE-1E12-4517-BB3C-128CB032E277}
	EndGlobalSection
EndGlobal
