
Microsoft Visual Studio Solution File, Format Version 12.00
# Visual Studio Version 17
VisualStudioVersion = 17.1.32228.430
MinimumVisualStudioVersion = 10.0.40219.1
Project("{9A19103F-16F7-4668-BE54-9A1E7A4F7556}") = "CountSameValuesInArray", "CountSameValuesInArray.csproj", "{66C92DE3-1C1E-420F-9CAD-750BDA4E30B7}"
EndProject
Project("{9A19103F-16F7-4668-BE54-9A1E7A4F7556}") = "AverageStudentGrades", "..\AverageStudentGrades\AverageStudentGrades.csproj", "{4E8E30F1-612A-40F9-A4AE-92597741FB6C}"
EndProject
Project("{FAE04EC0-301F-11D3-BF4B-00C04F79EFBC}") = "SoftUniParty", "..\SoftUniParty\SoftUniParty.csproj", "{5B28FD7D-E88D-4B89-AE46-C4E1D4312171}"
EndProject
Global
	GlobalSection(SolutionConfigurationPlatforms) = preSolution
		Debug|Any CPU = Debug|Any CPU
		Release|Any CPU = Release|Any CPU
	EndGlobalSection
	GlobalSection(ProjectConfigurationPlatforms) = postSolution
		{66C92DE3-1C1E-420F-9CAD-750BDA4E30B7}.Debug|Any CPU.ActiveCfg = Debug|Any CPU
		{66C92DE3-1C1E-420F-9CAD-750BDA4E30B7}.Debug|Any CPU.Build.0 = Debug|Any CPU
		{66C92DE3-1C1E-420F-9CAD-750BDA4E30B7}.Release|Any CPU.ActiveCfg = Release|Any CPU
		{66C92DE3-1C1E-420F-9CAD-750BDA4E30B7}.Release|Any CPU.Build.0 = Release|Any CPU
		{4E8E30F1-612A-40F9-A4AE-92597741FB6C}.Debug|Any CPU.ActiveCfg = Debug|Any CPU
		{4E8E30F1-612A-40F9-A4AE-92597741FB6C}.Debug|Any CPU.Build.0 = Debug|Any CPU
		{4E8E30F1-612A-40F9-A4AE-92597741FB6C}.Release|Any CPU.ActiveCfg = Release|Any CPU
		{4E8E30F1-612A-40F9-A4AE-92597741FB6C}.Release|Any CPU.Build.0 = Release|Any CPU
		{5B28FD7D-E88D-4B89-AE46-C4E1D4312171}.Debug|Any CPU.ActiveCfg = Debug|Any CPU
		{5B28FD7D-E88D-4B89-AE46-C4E1D4312171}.Debug|Any CPU.Build.0 = Debug|Any CPU
		{5B28FD7D-E88D-4B89-AE46-C4E1D4312171}.Release|Any CPU.ActiveCfg = Release|Any CPU
		{5B28FD7D-E88D-4B89-AE46-C4E1D4312171}.Release|Any CPU.Build.0 = Release|Any CPU
	EndGlobalSection
	GlobalSection(SolutionProperties) = preSolution
		HideSolutionNode = FALSE
	EndGlobalSection
	GlobalSection(ExtensibilityGlobals) = postSolution
		SolutionGuid = {2C18EA90-6C89-45BF-921A-37F7414CF40F}
	EndGlobalSection
EndGlobal
