
Microsoft Visual Studio Solution File, Format Version 12.00
# Visual Studio Version 17
VisualStudioVersion = 17.1.32228.430
MinimumVisualStudioVersion = 10.0.40219.1
Project("{FAE04EC0-301F-11D3-BF4B-00C04F79EFBC}") = "CustomList", "..\CustomList\CustomList.csproj", "{11A79C6E-4D5B-4D35-A959-0863740695CA}"
EndProject
Global
	GlobalSection(SolutionConfigurationPlatforms) = preSolution
		Debug|Any CPU = Debug|Any CPU
		Release|Any CPU = Release|Any CPU
	EndGlobalSection
	GlobalSection(ProjectConfigurationPlatforms) = postSolution
		{11A79C6E-4D5B-4D35-A959-0863740695CA}.Debug|Any CPU.ActiveCfg = Debug|Any CPU
		{11A79C6E-4D5B-4D35-A959-0863740695CA}.Debug|Any CPU.Build.0 = Debug|Any CPU
		{11A79C6E-4D5B-4D35-A959-0863740695CA}.Release|Any CPU.ActiveCfg = Release|Any CPU
		{11A79C6E-4D5B-4D35-A959-0863740695CA}.Release|Any CPU.Build.0 = Release|Any CPU
	EndGlobalSection
	GlobalSection(SolutionProperties) = preSolution
		HideSolutionNode = FALSE
	EndGlobalSection
	GlobalSection(ExtensibilityGlobals) = postSolution
		SolutionGuid = {340A7DE1-1B08-4918-87EA-618D636FEB3E}
	EndGlobalSection
EndGlobal
